
Microsoft Visual Studio Solution File, Format Version 12.00
# Visual Studio Version 17
VisualStudioVersion = 17.13.35818.85 d17.13
MinimumVisualStudioVersion = 10.0.40219.1
Project("{FAE04EC0-301F-11D3-BF4B-00C04F79EFBC}") = "allPrimeFactors", "allPrimeFactors.csproj", "{4743D6C4-26E7-47A7-9841-837EAA91AB2B}"
EndProject
Global
	GlobalSection(SolutionConfigurationPlatforms) = preSolution
		Debug|Any CPU = Debug|Any CPU
		Release|Any CPU = Release|Any CPU
	EndGlobalSection
	GlobalSection(ProjectConfigurationPlatforms) = postSolution
		{4743D6C4-26E7-47A7-9841-837EAA91AB2B}.Debug|Any CPU.ActiveCfg = Debug|Any CPU
		{4743D6C4-26E7-47A7-9841-837EAA91AB2B}.Debug|Any CPU.Build.0 = Debug|Any CPU
		{4743D6C4-26E7-47A7-9841-837EAA91AB2B}.Release|Any CPU.ActiveCfg = Release|Any CPU
		{4743D6C4-26E7-47A7-9841-837EAA91AB2B}.Release|Any CPU.Build.0 = Release|Any CPU
	EndGlobalSection
	GlobalSection(SolutionProperties) = preSolution
		HideSolutionNode = FALSE
	EndGlobalSection
	GlobalSection(ExtensibilityGlobals) = postSolution
		SolutionGuid = {E11825D8-27E2-4AB1-A51D-50F8D326465D}
	EndGlobalSection
EndGlobal
