
Microsoft Visual Studio Solution File, Format Version 12.00
# Visual Studio Version 17
VisualStudioVersion = 17.13.35818.85 d17.13
MinimumVisualStudioVersion = 10.0.40219.1
Project("{FAE04EC0-301F-11D3-BF4B-00C04F79EFBC}") = "assigment3", "assigment3.csproj", "{0F415BFE-8CA7-4F39-98E7-A237AB0EFFFC}"
EndProject
Global
	GlobalSection(SolutionConfigurationPlatforms) = preSolution
		Debug|Any CPU = Debug|Any CPU
		Release|Any CPU = Release|Any CPU
	EndGlobalSection
	GlobalSection(ProjectConfigurationPlatforms) = postSolution
		{0F415BFE-8CA7-4F39-98E7-A237AB0EFFFC}.Debug|Any CPU.ActiveCfg = Debug|Any CPU
		{0F415BFE-8CA7-4F39-98E7-A237AB0EFFFC}.Debug|Any CPU.Build.0 = Debug|Any CPU
		{0F415BFE-8CA7-4F39-98E7-A237AB0EFFFC}.Release|Any CPU.ActiveCfg = Release|Any CPU
		{0F415BFE-8CA7-4F39-98E7-A237AB0EFFFC}.Release|Any CPU.Build.0 = Release|Any CPU
	EndGlobalSection
	GlobalSection(SolutionProperties) = preSolution
		HideSolutionNode = FALSE
	EndGlobalSection
	GlobalSection(ExtensibilityGlobals) = postSolution
		SolutionGuid = {3F7A0B6B-470E-4B5A-B510-1E13A264C8E0}
	EndGlobalSection
EndGlobal
