
Microsoft Visual Studio Solution File, Format Version 12.00
# Visual Studio Version 17
VisualStudioVersion = 17.13.35818.85 d17.13
MinimumVisualStudioVersion = 10.0.40219.1
Project("{FAE04EC0-301F-11D3-BF4B-00C04F79EFBC}") = "assigmemnt2.4", "assigmemnt2.4.csproj", "{89E345B8-952A-4CC6-8187-28B77239B274}"
EndProject
Global
	GlobalSection(SolutionConfigurationPlatforms) = preSolution
		Debug|Any CPU = Debug|Any CPU
		Release|Any CPU = Release|Any CPU
	EndGlobalSection
	GlobalSection(ProjectConfigurationPlatforms) = postSolution
		{89E345B8-952A-4CC6-8187-28B77239B274}.Debug|Any CPU.ActiveCfg = Debug|Any CPU
		{89E345B8-952A-4CC6-8187-28B77239B274}.Debug|Any CPU.Build.0 = Debug|Any CPU
		{89E345B8-952A-4CC6-8187-28B77239B274}.Release|Any CPU.ActiveCfg = Release|Any CPU
		{89E345B8-952A-4CC6-8187-28B77239B274}.Release|Any CPU.Build.0 = Release|Any CPU
	EndGlobalSection
	GlobalSection(SolutionProperties) = preSolution
		HideSolutionNode = FALSE
	EndGlobalSection
	GlobalSection(ExtensibilityGlobals) = postSolution
		SolutionGuid = {6E5C060D-8D25-4917-9916-086B977C0036}
	EndGlobalSection
EndGlobal
